
Microsoft Visual Studio Solution File, Format Version 12.00
# Visual Studio Version 17
VisualStudioVersion = 17.8.34322.80
MinimumVisualStudioVersion = 10.0.40219.1
Project("{9A19103F-16F7-4668-BE54-9A1E7A4F7556}") = "MinecraftServerPlayerDataManager", "MinecraftServerPlayerDataManager\MinecraftServerPlayerDataManager.csproj", "{B2084E44-AAE9-4E03-A604-3FA714138403}"
EndProject
Global
	GlobalSection(SolutionConfigurationPlatforms) = preSolution
		Debug|Any CPU = Debug|Any CPU
		Release|Any CPU = Release|Any CPU
	EndGlobalSection
	GlobalSection(ProjectConfigurationPlatforms) = postSolution
		{B2084E44-AAE9-4E03-A604-3FA714138403}.Debug|Any CPU.ActiveCfg = Debug|Any CPU
		{B2084E44-AAE9-4E03-A604-3FA714138403}.Debug|Any CPU.Build.0 = Debug|Any CPU
		{B2084E44-AAE9-4E03-A604-3FA714138403}.Release|Any CPU.ActiveCfg = Release|Any CPU
		{B2084E44-AAE9-4E03-A604-3FA714138403}.Release|Any CPU.Build.0 = Release|Any CPU
	EndGlobalSection
	GlobalSection(SolutionProperties) = preSolution
		HideSolutionNode = FALSE
	EndGlobalSection
	GlobalSection(ExtensibilityGlobals) = postSolution
		SolutionGuid = {863706C3-B74F-487F-AE91-13B0F3612A31}
	EndGlobalSection
EndGlobal
